{
  "name": "letterreplacer",
  "version": "2.0.4",
  "lockfileVersion": 2,
  "requires": true,
  "packages": {
    "": {
      "name": "letterreplacer",
      "version": "2.0.4",
      "license": "MIT",
      "dependencies": {
        "letterreplacer": "^2.0.3"
      }
    },
    "node_modules/letterreplacer": {
      "version": "2.0.3",
      "resolved": "https://registry.npmjs.org/letterreplacer/-/letterreplacer-2.0.3.tgz",
      "integrity": "sha512-2fAjk2z681Vh7g+kpA8F8R8DPzsiDWnB+qIxrr+gZv6N8asYqVIEDR9CEDmKDF5kjB3D4Z8YdP/tnned9ROLEA=="
    }
  },
  "dependencies": {
    "letterreplacer": {
      "version": "2.0.3",
      "resolved": "https://registry.npmjs.org/letterreplacer/-/letterreplacer-2.0.3.tgz",
      "integrity": "sha512-2fAjk2z681Vh7g+kpA8F8R8DPzsiDWnB+qIxrr+gZv6N8asYqVIEDR9CEDmKDF5kjB3D4Z8YdP/tnned9ROLEA=="
    }
  }
}
